
Microsoft Visual Studio Solution File, Format Version 12.00
# Visual Studio Version 17
VisualStudioVersion = 17.4.33213.308
MinimumVisualStudioVersion = 10.0.40219.1
Project("{FAE04EC0-301F-11D3-BF4B-00C04F79EFBC}") = "aspdotnetApiTesting", "aspdotnetApiTesting.csproj", "{EAFBA8F7-D573-405C-858A-9A486F439AA5}"
EndProject
Global
	GlobalSection(SolutionConfigurationPlatforms) = preSolution
		Debug|Any CPU = Debug|Any CPU
		Release|Any CPU = Release|Any CPU
	EndGlobalSection
	GlobalSection(ProjectConfigurationPlatforms) = postSolution
		{EAFBA8F7-D573-405C-858A-9A486F439AA5}.Debug|Any CPU.ActiveCfg = Debug|Any CPU
		{EAFBA8F7-D573-405C-858A-9A486F439AA5}.Debug|Any CPU.Build.0 = Debug|Any CPU
		{EAFBA8F7-D573-405C-858A-9A486F439AA5}.Release|Any CPU.ActiveCfg = Release|Any CPU
		{EAFBA8F7-D573-405C-858A-9A486F439AA5}.Release|Any CPU.Build.0 = Release|Any CPU
	EndGlobalSection
	GlobalSection(SolutionProperties) = preSolution
		HideSolutionNode = FALSE
	EndGlobalSection
	GlobalSection(ExtensibilityGlobals) = postSolution
		SolutionGuid = {C84BD9D1-9CA6-45F9-959F-CA0420E10D01}
	EndGlobalSection
EndGlobal
